
Microsoft Visual Studio Solution File, Format Version 12.00
# Visual Studio Version 16
VisualStudioVersion = 16.0.30413.136
MinimumVisualStudioVersion = 10.0.40219.1
Project("{FAE04EC0-301F-11D3-BF4B-00C04F79EFBC}") = "Task2Web", "Task2Web\Task2Web.csproj", "{AEC2952E-F006-4371-A3E6-F1D206A11CA6}"
EndProject
Global
	GlobalSection(SolutionConfigurationPlatforms) = preSolution
		Debug|Any CPU = Debug|Any CPU
		Release|Any CPU = Release|Any CPU
	EndGlobalSection
	GlobalSection(ProjectConfigurationPlatforms) = postSolution
		{AEC2952E-F006-4371-A3E6-F1D206A11CA6}.Debug|Any CPU.ActiveCfg = Debug|Any CPU
		{AEC2952E-F006-4371-A3E6-F1D206A11CA6}.Debug|Any CPU.Build.0 = Debug|Any CPU
		{AEC2952E-F006-4371-A3E6-F1D206A11CA6}.Release|Any CPU.ActiveCfg = Release|Any CPU
		{AEC2952E-F006-4371-A3E6-F1D206A11CA6}.Release|Any CPU.Build.0 = Release|Any CPU
	EndGlobalSection
	GlobalSection(SolutionProperties) = preSolution
		HideSolutionNode = FALSE
	EndGlobalSection
	GlobalSection(ExtensibilityGlobals) = postSolution
		SolutionGuid = {F193270B-427C-438C-9AF7-A9CBC0F3F459}
	EndGlobalSection
EndGlobal
